# THIS IS AN AUTOGENERATED FILE. DO NOT EDIT THIS FILE DIRECTLY.
# yarn lockfile v1


"@discordjs/collection@^0.1.6":
  version "0.1.6"
  resolved "https://registry.yarnpkg.com/@discordjs/collection/-/collection-0.1.6.tgz#9e9a7637f4e4e0688fd8b2b5c63133c91607682c"
  integrity sha512-utRNxnd9kSS2qhyivo9lMlt5qgAUasH2gb7BEOn6p0efFh24gjGomHzWKMAPn2hEReOPQZCJaRKoURwRotKucQ==

axios@^0.20.0:
  version "0.20.0"
  resolved "https://registry.yarnpkg.com/axios/-/axios-0.20.0.tgz#057ba30f04884694993a8cd07fa394cff11c50bd"
  integrity sha512-ANA4rr2BDcmmAQLOKft2fufrtuvlqR+cXNNinUmvfeSNCOF98PZL+7M/v1zIdGo7OLjEA9J2gXJL+j4zGsl0bA==
  dependencies:
    follow-redirects "^1.10.0"

axios@^0.21.0, axios@^0.21.1:
  version "0.21.1"
  resolved "https://registry.yarnpkg.com/axios/-/axios-0.21.1.tgz#22563481962f4d6bde9a76d516ef0e5d3c09b2b8"
  integrity sha512-dKQiRHxGD9PPRIUNIWvZhPTPpl1rf/OxTYKsqKUDjBwYylTvV7SjSHJb9ratfyzM6wCdLCOYLzs73qpg5c4iGA==
  dependencies:
    follow-redirects "^1.10.0"

erela.js-deezer@^1.0.5:
  version "1.0.5"
  resolved "https://registry.yarnpkg.com/erela.js-deezer/-/erela.js-deezer-1.0.5.tgz#322cf122fc3222ac76b9c6f14281529a8aef6c98"
  integrity sha512-8BNTufuQalcWM+N093wUSlsA2bgXzfnrh4tfY8SgQEf6XI3b1PP3E3D1q29Dv5/5aZOlzLK3UoOiDwZr4PVC3w==
  dependencies:
    axios "^0.21.1"
    erela.js "^2.3.1"

erela.js-spotify@^1.2.0:
  version "1.2.0"
  resolved "https://registry.yarnpkg.com/erela.js-spotify/-/erela.js-spotify-1.2.0.tgz#ebbcbfde1e0eb8593d418ed9c578d758aad04701"
  integrity sha512-FbkdVK7OquVzyNVl4aZ3AU6RHRrHzBpORGorK5q+L26y3hB/7ze9mQ7uiOa5PsskskELRWepoluqke3U8edbmQ==
  dependencies:
    axios "^0.20.0"
    erela.js "^2.2.0"

erela.js@^2.2.0, erela.js@^2.3.1, erela.js@^2.3.2:
  version "2.3.2"
  resolved "https://registry.yarnpkg.com/erela.js/-/erela.js-2.3.2.tgz#94917fc919af6eafa21e15d6f3f1f2a96caca3fe"
  integrity sha512-HWNn171qizzE4cANntmDAhRQDSeN6UYxoRN6485b7HMA4azLZdOHu8GfHrbiJ9G2Im9lE2sOYXYOvltpm2Uq3w==
  dependencies:
    "@discordjs/collection" "^0.1.6"
    axios "^0.21.0"
    ws "^7.3.1"

follow-redirects@^1.10.0:
  version "1.13.3"
  resolved "https://registry.yarnpkg.com/follow-redirects/-/follow-redirects-1.13.3.tgz#e5598ad50174c1bc4e872301e82ac2cd97f90267"
  integrity sha512-DUgl6+HDzB0iEptNQEXLx/KhTmDb8tZUHSeLqpnjpknR70H0nC2t9N73BK6fN4hOvJ84pKlIQVQ4k5FFlBedKA==

music-progress-bar@^1.0.4:
  version "1.0.4"
  resolved "https://registry.yarnpkg.com/music-progress-bar/-/music-progress-bar-1.0.4.tgz#a6541eecf036ef6c45d5c83bd495f9f652eeece1"
  integrity sha512-W7sKCO91CYcU22yVECN1D+/bjtxVjaLTqnT4eWksGzfu6g4VzF5d5VtIDB1NqnxZRYNmcpcmcLN0KR9Y695loQ==

ws@^7.3.1:
  version "7.4.4"
  resolved "https://registry.yarnpkg.com/ws/-/ws-7.4.4.tgz#383bc9742cb202292c9077ceab6f6047b17f2d59"
  integrity sha512-Qm8k8ojNQIMx7S+Zp8u/uHOx7Qazv3Yv4q68MiWWWOJhiwG5W3x7iqmRtJo8xxrciZUY4vRxUTJCKuRnF28ZZw==
